
Microsoft Visual Studio Solution File, Format Version 12.00
# Visual Studio Version 16
VisualStudioVersion = 16.0.30907.101
MinimumVisualStudioVersion = 10.0.40219.1
Project("{FAE04EC0-301F-11D3-BF4B-00C04F79EFBC}") = "b. syntax", "b. syntax\b. syntax.csproj", "{CAA9190A-E9D2-4504-9BA2-3C90DE2ADB0D}"
EndProject
Global
	GlobalSection(SolutionConfigurationPlatforms) = preSolution
		Debug|Any CPU = Debug|Any CPU
		Release|Any CPU = Release|Any CPU
	EndGlobalSection
	GlobalSection(ProjectConfigurationPlatforms) = postSolution
		{CAA9190A-E9D2-4504-9BA2-3C90DE2ADB0D}.Debug|Any CPU.ActiveCfg = Debug|Any CPU
		{CAA9190A-E9D2-4504-9BA2-3C90DE2ADB0D}.Debug|Any CPU.Build.0 = Debug|Any CPU
		{CAA9190A-E9D2-4504-9BA2-3C90DE2ADB0D}.Release|Any CPU.ActiveCfg = Release|Any CPU
		{CAA9190A-E9D2-4504-9BA2-3C90DE2ADB0D}.Release|Any CPU.Build.0 = Release|Any CPU
	EndGlobalSection
	GlobalSection(SolutionProperties) = preSolution
		HideSolutionNode = FALSE
	EndGlobalSection
	GlobalSection(ExtensibilityGlobals) = postSolution
		SolutionGuid = {4057FC49-FD7C-4780-9D8B-0489A41C825F}
	EndGlobalSection
EndGlobal
