
Microsoft Visual Studio Solution File, Format Version 12.00
# Visual Studio Version 16
VisualStudioVersion = 16.0.30907.101
MinimumVisualStudioVersion = 10.0.40219.1
Project("{FAE04EC0-301F-11D3-BF4B-00C04F79EFBC}") = "HelloWorld", "HelloWorld\HelloWorld.csproj", "{8D0B2C30-A6D8-4303-B2B9-54C4AB4FF709}"
EndProject
Global
	GlobalSection(SolutionConfigurationPlatforms) = preSolution
		Debug|Any CPU = Debug|Any CPU
		Release|Any CPU = Release|Any CPU
	EndGlobalSection
	GlobalSection(ProjectConfigurationPlatforms) = postSolution
		{8D0B2C30-A6D8-4303-B2B9-54C4AB4FF709}.Debug|Any CPU.ActiveCfg = Debug|Any CPU
		{8D0B2C30-A6D8-4303-B2B9-54C4AB4FF709}.Debug|Any CPU.Build.0 = Debug|Any CPU
		{8D0B2C30-A6D8-4303-B2B9-54C4AB4FF709}.Release|Any CPU.ActiveCfg = Release|Any CPU
		{8D0B2C30-A6D8-4303-B2B9-54C4AB4FF709}.Release|Any CPU.Build.0 = Release|Any CPU
	EndGlobalSection
	GlobalSection(SolutionProperties) = preSolution
		HideSolutionNode = FALSE
	EndGlobalSection
	GlobalSection(ExtensibilityGlobals) = postSolution
		SolutionGuid = {4970EE0C-2774-43CC-BA1B-C1F421B916E7}
	EndGlobalSection
EndGlobal
